$ANSIBLE_VAULT;1.1;AES256
30303631393338343936633537383561666633623037653162326634303337366335626533383939
6139373032643664613563373531356539396639313235330a346330623166633736616139633237
31343861313239386433346439653234613262393236383839303931383663336233323433323464
3164656264336661340a343736636237656534656336663535623435323636366539306232636237
63666466393762326238356365643336313066323964313031653637646566373264356364343335
3963386136663730306230636137313839613634303437326338
